
Microsoft Visual Studio Solution File, Format Version 12.00
# Visual Studio 15
VisualStudioVersion = 15.0.27130.2036
MinimumVisualStudioVersion = 10.0.40219.1
Project("{FAE04EC0-301F-11D3-BF4B-00C04F79EFBC}") = "WebShopDB", "WebShopDB\WebShopDB.csproj", "{B05C3D0F-6501-4D91-A78B-13CAD87FC682}"
EndProject
Global
	GlobalSection(SolutionConfigurationPlatforms) = preSolution
		Debug|Any CPU = Debug|Any CPU
		Release|Any CPU = Release|Any CPU
	EndGlobalSection
	GlobalSection(ProjectConfigurationPlatforms) = postSolution
		{B05C3D0F-6501-4D91-A78B-13CAD87FC682}.Debug|Any CPU.ActiveCfg = Debug|Any CPU
		{B05C3D0F-6501-4D91-A78B-13CAD87FC682}.Debug|Any CPU.Build.0 = Debug|Any CPU
		{B05C3D0F-6501-4D91-A78B-13CAD87FC682}.Release|Any CPU.ActiveCfg = Release|Any CPU
		{B05C3D0F-6501-4D91-A78B-13CAD87FC682}.Release|Any CPU.Build.0 = Release|Any CPU
	EndGlobalSection
	GlobalSection(SolutionProperties) = preSolution
		HideSolutionNode = FALSE
	EndGlobalSection
	GlobalSection(ExtensibilityGlobals) = postSolution
		SolutionGuid = {FA1D387D-B77B-4C4B-A80B-F07895302976}
	EndGlobalSection
EndGlobal
